
Microsoft Visual Studio Solution File, Format Version 12.00
# Visual Studio Version 17
VisualStudioVersion = 17.13.35919.96
MinimumVisualStudioVersion = 10.0.40219.1
Project("{FAE04EC0-301F-11D3-BF4B-00C04F79EFBC}") = "Img2TxtGPT", "Img2TxtGPT\Img2TxtGPT.csproj", "{E0F85E15-BEF6-4B59-A6E5-8738FF90508A}"
EndProject
Project("{FAE04EC0-301F-11D3-BF4B-00C04F79EFBC}") = "Img2TxtGemini", "Img2TxtGemini\Img2TxtGemini.csproj", "{E1AF155F-0B10-4606-A841-83797B20B5FF}"
EndProject
Project("{2150E333-8FDC-42A3-9474-1A3956D46DE8}") = "Elementi di soluzione", "Elementi di soluzione", "{9DF70304-0A22-CE1E-AA12-D5904EE55694}"
	ProjectSection(SolutionItems) = preProject
		.gitignore = .gitignore
		..\GetDescrImg\README.md = ..\GetDescrImg\README.md
	EndProjectSection
EndProject
Global
	GlobalSection(SolutionConfigurationPlatforms) = preSolution
		Debug|Any CPU = Debug|Any CPU
		Release|Any CPU = Release|Any CPU
	EndGlobalSection
	GlobalSection(ProjectConfigurationPlatforms) = postSolution
		{E0F85E15-BEF6-4B59-A6E5-8738FF90508A}.Debug|Any CPU.ActiveCfg = Debug|Any CPU
		{E0F85E15-BEF6-4B59-A6E5-8738FF90508A}.Debug|Any CPU.Build.0 = Debug|Any CPU
		{E0F85E15-BEF6-4B59-A6E5-8738FF90508A}.Release|Any CPU.ActiveCfg = Release|Any CPU
		{E0F85E15-BEF6-4B59-A6E5-8738FF90508A}.Release|Any CPU.Build.0 = Release|Any CPU
		{E1AF155F-0B10-4606-A841-83797B20B5FF}.Debug|Any CPU.ActiveCfg = Debug|Any CPU
		{E1AF155F-0B10-4606-A841-83797B20B5FF}.Debug|Any CPU.Build.0 = Debug|Any CPU
		{E1AF155F-0B10-4606-A841-83797B20B5FF}.Release|Any CPU.ActiveCfg = Release|Any CPU
		{E1AF155F-0B10-4606-A841-83797B20B5FF}.Release|Any CPU.Build.0 = Release|Any CPU
	EndGlobalSection
	GlobalSection(SolutionProperties) = preSolution
		HideSolutionNode = FALSE
	EndGlobalSection
	GlobalSection(ExtensibilityGlobals) = postSolution
		SolutionGuid = {04C13A3B-3A51-43D2-BF91-8171860EB21B}
	EndGlobalSection
EndGlobal
